
Microsoft Visual Studio Solution File, Format Version 12.00
# Visual Studio Version 17
VisualStudioVersion = 17.6.33815.320
MinimumVisualStudioVersion = 10.0.40219.1
Project("{2150E333-8FDC-42A3-9474-1A3956D46DE8}") = "FrontEnd", "FrontEnd", "{03427EF5-D515-4E19-89BD-5A7A25DA1F42}"
EndProject
Project("{2150E333-8FDC-42A3-9474-1A3956D46DE8}") = "Gateway", "Gateway", "{D88075D3-D650-465A-921B-80C1C2B8324E}"
EndProject
Project("{2150E333-8FDC-42A3-9474-1A3956D46DE8}") = "Integration", "Integration", "{9DAE52D3-A805-4E3B-AAB2-3CB5CB25B7B3}"
EndProject
Project("{2150E333-8FDC-42A3-9474-1A3956D46DE8}") = "Services", "Services", "{86D1E6A7-2794-4D8E-ADB3-6EB40201A368}"
EndProject
Project("{FAE04EC0-301F-11D3-BF4B-00C04F79EFBC}") = "Projekt.Services.CouponAPI", "Projekt.Services.CouponAPI\Projekt.Services.CouponAPI.csproj", "{4B45521C-0694-43D6-B9CE-AD08B7A3F180}"
EndProject
Global
	GlobalSection(SolutionConfigurationPlatforms) = preSolution
		Debug|Any CPU = Debug|Any CPU
		Release|Any CPU = Release|Any CPU
	EndGlobalSection
	GlobalSection(ProjectConfigurationPlatforms) = postSolution
		{4B45521C-0694-43D6-B9CE-AD08B7A3F180}.Debug|Any CPU.ActiveCfg = Debug|Any CPU
		{4B45521C-0694-43D6-B9CE-AD08B7A3F180}.Debug|Any CPU.Build.0 = Debug|Any CPU
		{4B45521C-0694-43D6-B9CE-AD08B7A3F180}.Release|Any CPU.ActiveCfg = Release|Any CPU
		{4B45521C-0694-43D6-B9CE-AD08B7A3F180}.Release|Any CPU.Build.0 = Release|Any CPU
	EndGlobalSection
	GlobalSection(SolutionProperties) = preSolution
		HideSolutionNode = FALSE
	EndGlobalSection
	GlobalSection(NestedProjects) = preSolution
		{4B45521C-0694-43D6-B9CE-AD08B7A3F180} = {86D1E6A7-2794-4D8E-ADB3-6EB40201A368}
	EndGlobalSection
	GlobalSection(ExtensibilityGlobals) = postSolution
		SolutionGuid = {0BC185EC-71D3-4828-8B44-BB57DB3D1CBD}
	EndGlobalSection
EndGlobal
